// !$*UTF8*$!
{
	archiveVersion = 1;
	classes = {
	};
	objectVersion = 50;
	objects = {

/* Begin PBXBuildFile section */
		855D5172256A76A7008E5D8B /* AppDelegate.swift in Sources */ = {isa = PBXBuildFile; fileRef = 855D5171256A76A7008E5D8B /* AppDelegate.swift */; };
		855D5174256A76A7008E5D8B /* SceneDelegate.swift in Sources */ = {isa = PBXBuildFile; fileRef = 855D5173256A76A7008E5D8B /* SceneDelegate.swift */; };
		855D5176256A76A7008E5D8B /* ViewController.swift in Sources */ = {isa = PBXBuildFile; fileRef = 855D5175256A76A7008E5D8B /* ViewController.swift */; };
		855D517B256A76AB008E5D8B /* Assets.xcassets in Resources */ = {isa = PBXBuildFile; fileRef = 855D517A256A76AB008E5D8B /* Assets.xcassets */; };
		855D517E256A76AB008E5D8B /* LaunchScreen.storyboard in Resources */ = {isa = PBXBuildFile; fileRef = 855D517C256A76AB008E5D8B /* LaunchScreen.storyboard */; };
		855D5189256A76AB008E5D8B /* homePageAppTests.swift in Sources */ = {isa = PBXBuildFile; fileRef = 855D5188256A76AB008E5D8B /* homePageAppTests.swift */; };
		855D5194256A76AB008E5D8B /* homePageAppUITests.swift in Sources */ = {isa = PBXBuildFile; fileRef = 855D5193256A76AB008E5D8B /* homePageAppUITests.swift */; };
		855D51AB256A85EA008E5D8B /* MenuBar.swift in Sources */ = {isa = PBXBuildFile; fileRef = 855D51AA256A85EA008E5D8B /* MenuBar.swift */; };
		855D51B4256A8C61008E5D8B /* Extension.swift in Sources */ = {isa = PBXBuildFile; fileRef = 855D51B3256A8C61008E5D8B /* Extension.swift */; };
		855D51B9256AA1A0008E5D8B /* HomeViewModel.swift in Sources */ = {isa = PBXBuildFile; fileRef = 855D51B8256AA1A0008E5D8B /* HomeViewModel.swift */; };
		855D51BE256AA270008E5D8B /* Model.swift in Sources */ = {isa = PBXBuildFile; fileRef = 855D51BD256AA270008E5D8B /* Model.swift */; };
		855D51C3256AB1D3008E5D8B /* CollectionViewCell.swift in Sources */ = {isa = PBXBuildFile; fileRef = 855D51C2256AB1D3008E5D8B /* CollectionViewCell.swift */; };
/* End PBXBuildFile section */

/* Begin PBXContainerItemProxy section */
		855D5185256A76AB008E5D8B /* PBXContainerItemProxy */ = {
			isa = PBXContainerItemProxy;
			containerPortal = 855D5166256A76A7008E5D8B /* Project object */;
			proxyType = 1;
			remoteGlobalIDString = 855D516D256A76A7008E5D8B;
			remoteInfo = homePageApp;
		};
		855D5190256A76AB008E5D8B /* PBXContainerItemProxy */ = {
			isa = PBXContainerItemProxy;
			containerPortal = 855D5166256A76A7008E5D8B /* Project object */;
			proxyType = 1;
			remoteGlobalIDString = 855D516D256A76A7008E5D8B;
			remoteInfo = homePageApp;
		};
/* End PBXContainerItemProxy section */

/* Begin PBXFileReference section */
		855D516E256A76A7008E5D8B /* homePageApp.app */ = {isa = PBXFileReference; explicitFileType = wrapper.application; includeInIndex = 0; path = homePageApp.app; sourceTree = BUILT_PRODUCTS_DIR; };
		855D5171256A76A7008E5D8B /* AppDelegate.swift */ = {isa = PBXFileReference; lastKnownFileType = sourcecode.swift; path = AppDelegate.swift; sourceTree = "<group>"; };
		855D5173256A76A7008E5D8B /* SceneDelegate.swift */ = {isa = PBXFileReference; lastKnownFileType = sourcecode.swift; path = SceneDelegate.swift; sourceTree = "<group>"; };
		855D5175256A76A7008E5D8B /* ViewController.swift */ = {isa = PBXFileReference; lastKnownFileType = sourcecode.swift; path = ViewController.swift; sourceTree = "<group>"; };
		855D517A256A76AB008E5D8B /* Assets.xcassets */ = {isa = PBXFileReference; lastKnownFileType = folder.assetcatalog; path = Assets.xcassets; sourceTree = "<group>"; };
		855D517D256A76AB008E5D8B /* Base */ = {isa = PBXFileReference; lastKnownFileType = file.storyboard; name = Base; path = Base.lproj/LaunchScreen.storyboard; sourceTree = "<group>"; };
		855D517F256A76AB008E5D8B /* Info.plist */ = {isa = PBXFileReference; lastKnownFileType = text.plist.xml; path = Info.plist; sourceTree = "<group>"; };
		855D5184256A76AB008E5D8B /* homePageAppTests.xctest */ = {isa = PBXFileReference; explicitFileType = wrapper.cfbundle; includeInIndex = 0; path = homePageAppTests.xctest; sourceTree = BUILT_PRODUCTS_DIR; };
		855D5188256A76AB008E5D8B /* homePageAppTests.swift */ = {isa = PBXFileReference; lastKnownFileType = sourcecode.swift; path = homePageAppTests.swift; sourceTree = "<group>"; };
		855D518A256A76AB008E5D8B /* Info.plist */ = {isa = PBXFileReference; lastKnownFileType = text.plist.xml; path = Info.plist; sourceTree = "<group>"; };
		855D518F256A76AB008E5D8B /* homePageAppUITests.xctest */ = {isa = PBXFileReference; explicitFileType = wrapper.cfbundle; includeInIndex = 0; path = homePageAppUITests.xctest; sourceTree = BUILT_PRODUCTS_DIR; };
		855D5193256A76AB008E5D8B /* homePageAppUITests.swift */ = {isa = PBXFileReference; lastKnownFileType = sourcecode.swift; path = homePageAppUITests.swift; sourceTree = "<group>"; };
		855D5195256A76AB008E5D8B /* Info.plist */ = {isa = PBXFileReference; lastKnownFileType = text.plist.xml; path = Info.plist; sourceTree = "<group>"; };
		855D51AA256A85EA008E5D8B /* MenuBar.swift */ = {isa = PBXFileReference; lastKnownFileType = sourcecode.swift; path = MenuBar.swift; sourceTree = "<group>"; };
		855D51B3256A8C61008E5D8B /* Extension.swift */ = {isa = PBXFileReference; lastKnownFileType = sourcecode.swift; path = Extension.swift; sourceTree = "<group>"; };
		855D51B8256AA1A0008E5D8B /* HomeViewModel.swift */ = {isa = PBXFileReference; lastKnownFileType = sourcecode.swift; path = HomeViewModel.swift; sourceTree = "<group>"; };
		855D51BD256AA270008E5D8B /* Model.swift */ = {isa = PBXFileReference; lastKnownFileType = sourcecode.swift; path = Model.swift; sourceTree = "<group>"; };
		855D51C2256AB1D3008E5D8B /* CollectionViewCell.swift */ = {isa = PBXFileReference; lastKnownFileType = sourcecode.swift; path = CollectionViewCell.swift; sourceTree = "<group>"; };
/* End PBXFileReference section */

/* Begin PBXFrameworksBuildPhase section */
		855D516B256A76A7008E5D8B /* Frameworks */ = {
			isa = PBXFrameworksBuildPhase;
			buildActionMask = 2147483647;
			files = (
			);
			runOnlyForDeploymentPostprocessing = 0;
		};
		855D5181256A76AB008E5D8B /* Frameworks */ = {
			isa = PBXFrameworksBuildPhase;
			buildActionMask = 2147483647;
			files = (
			);
			runOnlyForDeploymentPostprocessing = 0;
		};
		855D518C256A76AB008E5D8B /* Frameworks */ = {
			isa = PBXFrameworksBuildPhase;
			buildActionMask = 2147483647;
			files = (
			);
			runOnlyForDeploymentPostprocessing = 0;
		};
/* End PBXFrameworksBuildPhase section */

/* Begin PBXGroup section */
		855D5165256A76A7008E5D8B = {
			isa = PBXGroup;
			children = (
				855D5170256A76A7008E5D8B /* homePageApp */,
				855D5187256A76AB008E5D8B /* homePageAppTests */,
				855D5192256A76AB008E5D8B /* homePageAppUITests */,
				855D516F256A76A7008E5D8B /* Products */,
			);
			sourceTree = "<group>";
		};
		855D516F256A76A7008E5D8B /* Products */ = {
			isa = PBXGroup;
			children = (
				855D516E256A76A7008E5D8B /* homePageApp.app */,
				855D5184256A76AB008E5D8B /* homePageAppTests.xctest */,
				855D518F256A76AB008E5D8B /* homePageAppUITests.xctest */,
			);
			name = Products;
			sourceTree = "<group>";
		};
		855D5170256A76A7008E5D8B /* homePageApp */ = {
			isa = PBXGroup;
			children = (
				855D5171256A76A7008E5D8B /* AppDelegate.swift */,
				855D5173256A76A7008E5D8B /* SceneDelegate.swift */,
				855D5175256A76A7008E5D8B /* ViewController.swift */,
				855D51AA256A85EA008E5D8B /* MenuBar.swift */,
				855D517A256A76AB008E5D8B /* Assets.xcassets */,
				855D517C256A76AB008E5D8B /* LaunchScreen.storyboard */,
				855D517F256A76AB008E5D8B /* Info.plist */,
				855D51B3256A8C61008E5D8B /* Extension.swift */,
				855D51B8256AA1A0008E5D8B /* HomeViewModel.swift */,
				855D51BD256AA270008E5D8B /* Model.swift */,
				855D51C2256AB1D3008E5D8B /* CollectionViewCell.swift */,
			);
			path = homePageApp;
			sourceTree = "<group>";
		};
		855D5187256A76AB008E5D8B /* homePageAppTests */ = {
			isa = PBXGroup;
			children = (
				855D5188256A76AB008E5D8B /* homePageAppTests.swift */,
				855D518A256A76AB008E5D8B /* Info.plist */,
			);
			path = homePageAppTests;
			sourceTree = "<group>";
		};
		855D5192256A76AB008E5D8B /* homePageAppUITests */ = {
			isa = PBXGroup;
			children = (
				855D5193256A76AB008E5D8B /* homePageAppUITests.swift */,
				855D5195256A76AB008E5D8B /* Info.plist */,
			);
			path = homePageAppUITests;
			sourceTree = "<group>";
		};
/* End PBXGroup section */

/* Begin PBXNativeTarget section */
		855D516D256A76A7008E5D8B /* homePageApp */ = {
			isa = PBXNativeTarget;
			buildConfigurationList = 855D5198256A76AB008E5D8B /* Build configuration list for PBXNativeTarget "homePageApp" */;
			buildPhases = (
				855D516A256A76A7008E5D8B /* Sources */,
				855D516B256A76A7008E5D8B /* Frameworks */,
				855D516C256A76A7008E5D8B /* Resources */,
			);
			buildRules = (
			);
			dependencies = (
			);
			name = homePageApp;
			productName = homePageApp;
			productReference = 855D516E256A76A7008E5D8B /* homePageApp.app */;
			productType = "com.apple.product-type.application";
		};
		855D5183256A76AB008E5D8B /* homePageAppTests */ = {
			isa = PBXNativeTarget;
			buildConfigurationList = 855D519B256A76AB008E5D8B /* Build configuration list for PBXNativeTarget "homePageAppTests" */;
			buildPhases = (
				855D5180256A76AB008E5D8B /* Sources */,
				855D5181256A76AB008E5D8B /* Frameworks */,
				855D5182256A76AB008E5D8B /* Resources */,
			);
			buildRules = (
			);
			dependencies = (
				855D5186256A76AB008E5D8B /* PBXTargetDependency */,
			);
			name = homePageAppTests;
			productName = homePageAppTests;
			productReference = 855D5184256A76AB008E5D8B /* homePageAppTests.xctest */;
			productType = "com.apple.product-type.bundle.unit-test";
		};
		855D518E256A76AB008E5D8B /* homePageAppUITests */ = {
			isa = PBXNativeTarget;
			buildConfigurationList = 855D519E256A76AB008E5D8B /* Build configuration list for PBXNativeTarget "homePageAppUITests" */;
			buildPhases = (
				855D518B256A76AB008E5D8B /* Sources */,
				855D518C256A76AB008E5D8B /* Frameworks */,
				855D518D256A76AB008E5D8B /* Resources */,
			);
			buildRules = (
			);
			dependencies = (
				855D5191256A76AB008E5D8B /* PBXTargetDependency */,
			);
			name = homePageAppUITests;
			productName = homePageAppUITests;
			productReference = 855D518F256A76AB008E5D8B /* homePageAppUITests.xctest */;
			productType = "com.apple.product-type.bundle.ui-testing";
		};
/* End PBXNativeTarget section */

/* Begin PBXProject section */
		855D5166256A76A7008E5D8B /* Project object */ = {
			isa = PBXProject;
			attributes = {
				LastSwiftUpdateCheck = 1220;
				LastUpgradeCheck = 1220;
				TargetAttributes = {
					855D516D256A76A7008E5D8B = {
						CreatedOnToolsVersion = 12.2;
					};
					855D5183256A76AB008E5D8B = {
						CreatedOnToolsVersion = 12.2;
						TestTargetID = 855D516D256A76A7008E5D8B;
					};
					855D518E256A76AB008E5D8B = {
						CreatedOnToolsVersion = 12.2;
						TestTargetID = 855D516D256A76A7008E5D8B;
					};
				};
			};
			buildConfigurationList = 855D5169256A76A7008E5D8B /* Build configuration list for PBXProject "homePageApp" */;
			compatibilityVersion = "Xcode 9.3";
			developmentRegion = en;
			hasScannedForEncodings = 0;
			knownRegions = (
				en,
				Base,
			);
			mainGroup = 855D5165256A76A7008E5D8B;
			productRefGroup = 855D516F256A76A7008E5D8B /* Products */;
			projectDirPath = "";
			projectRoot = "";
			targets = (
				855D516D256A76A7008E5D8B /* homePageApp */,
				855D5183256A76AB008E5D8B /* homePageAppTests */,
				855D518E256A76AB008E5D8B /* homePageAppUITests */,
			);
		};
/* End PBXProject section */

/* Begin PBXResourcesBuildPhase section */
		855D516C256A76A7008E5D8B /* Resources */ = {
			isa = PBXResourcesBuildPhase;
			buildActionMask = 2147483647;
			files = (
				855D517E256A76AB008E5D8B /* LaunchScreen.storyboard in Resources */,
				855D517B256A76AB008E5D8B /* Assets.xcassets in Resources */,
			);
			runOnlyForDeploymentPostprocessing = 0;
		};
		855D5182256A76AB008E5D8B /* Resources */ = {
			isa = PBXResourcesBuildPhase;
			buildActionMask = 2147483647;
			files = (
			);
			runOnlyForDeploymentPostprocessing = 0;
		};
		855D518D256A76AB008E5D8B /* Resources */ = {
			isa = PBXResourcesBuildPhase;
			buildActionMask = 2147483647;
			files = (
			);
			runOnlyForDeploymentPostprocessing = 0;
		};
/* End PBXResourcesBuildPhase section */

/* Begin PBXSourcesBuildPhase section */
		855D516A256A76A7008E5D8B /* Sources */ = {
			isa = PBXSourcesBuildPhase;
			buildActionMask = 2147483647;
			files = (
				855D51BE256AA270008E5D8B /* Model.swift in Sources */,
				855D51B4256A8C61008E5D8B /* Extension.swift in Sources */,
				855D51C3256AB1D3008E5D8B /* CollectionViewCell.swift in Sources */,
				855D51B9256AA1A0008E5D8B /* HomeViewModel.swift in Sources */,
				855D5176256A76A7008E5D8B /* ViewController.swift in Sources */,
				855D5172256A76A7008E5D8B /* AppDelegate.swift in Sources */,
				855D51AB256A85EA008E5D8B /* MenuBar.swift in Sources */,
				855D5174256A76A7008E5D8B /* SceneDelegate.swift in Sources */,
			);
			runOnlyForDeploymentPostprocessing = 0;
		};
		855D5180256A76AB008E5D8B /* Sources */ = {
			isa = PBXSourcesBuildPhase;
			buildActionMask = 2147483647;
			files = (
				855D5189256A76AB008E5D8B /* homePageAppTests.swift in Sources */,
			);
			runOnlyForDeploymentPostprocessing = 0;
		};
		855D518B256A76AB008E5D8B /* Sources */ = {
			isa = PBXSourcesBuildPhase;
			buildActionMask = 2147483647;
			files = (
				855D5194256A76AB008E5D8B /* homePageAppUITests.swift in Sources */,
			);
			runOnlyForDeploymentPostprocessing = 0;
		};
/* End PBXSourcesBuildPhase section */

/* Begin PBXTargetDependency section */
		855D5186256A76AB008E5D8B /* PBXTargetDependency */ = {
			isa = PBXTargetDependency;
			target = 855D516D256A76A7008E5D8B /* homePageApp */;
			targetProxy = 855D5185256A76AB008E5D8B /* PBXContainerItemProxy */;
		};
		855D5191256A76AB008E5D8B /* PBXTargetDependency */ = {
			isa = PBXTargetDependency;
			target = 855D516D256A76A7008E5D8B /* homePageApp */;
			targetProxy = 855D5190256A76AB008E5D8B /* PBXContainerItemProxy */;
		};
/* End PBXTargetDependency section */

/* Begin PBXVariantGroup section */
		855D517C256A76AB008E5D8B /* LaunchScreen.storyboard */ = {
			isa = PBXVariantGroup;
			children = (
				855D517D256A76AB008E5D8B /* Base */,
			);
			name = LaunchScreen.storyboard;
			sourceTree = "<group>";
		};
/* End PBXVariantGroup section */

/* Begin XCBuildConfiguration section */
		855D5196256A76AB008E5D8B /* Debug */ = {
			isa = XCBuildConfiguration;
			buildSettings = {
				ALWAYS_SEARCH_USER_PATHS = NO;
				CLANG_ANALYZER_NONNULL = YES;
				CLANG_ANALYZER_NUMBER_OBJECT_CONVERSION = YES_AGGRESSIVE;
				CLANG_CXX_LANGUAGE_STANDARD = "gnu++14";
				CLANG_CXX_LIBRARY = "libc++";
				CLANG_ENABLE_MODULES = YES;
				CLANG_ENABLE_OBJC_ARC = YES;
				CLANG_ENABLE_OBJC_WEAK = YES;
				CLANG_WARN_BLOCK_CAPTURE_AUTORELEASING = YES;
				CLANG_WARN_BOOL_CONVERSION = YES;
				CLANG_WARN_COMMA = YES;
				CLANG_WARN_CONSTANT_CONVERSION = YES;
				CLANG_WARN_DEPRECATED_OBJC_IMPLEMENTATIONS = YES;
				CLANG_WARN_DIRECT_OBJC_ISA_USAGE = YES_ERROR;
				CLANG_WARN_DOCUMENTATION_COMMENTS = YES;
				CLANG_WARN_EMPTY_BODY = YES;
				CLANG_WARN_ENUM_CONVERSION = YES;
				CLANG_WARN_INFINITE_RECURSION = YES;
				CLANG_WARN_INT_CONVERSION = YES;
				CLANG_WARN_NON_LITERAL_NULL_CONVERSION = YES;
				CLANG_WARN_OBJC_IMPLICIT_RETAIN_SELF = YES;
				CLANG_WARN_OBJC_LITERAL_CONVERSION = YES;
				CLANG_WARN_OBJC_ROOT_CLASS = YES_ERROR;
				CLANG_WARN_QUOTED_INCLUDE_IN_FRAMEWORK_HEADER = YES;
				CLANG_WARN_RANGE_LOOP_ANALYSIS = YES;
				CLANG_WARN_STRICT_PROTOTYPES = YES;
				CLANG_WARN_SUSPICIOUS_MOVE = YES;
				CLANG_WARN_UNGUARDED_AVAILABILITY = YES_AGGRESSIVE;
				CLANG_WARN_UNREACHABLE_CODE = YES;
				CLANG_WARN__DUPLICATE_METHOD_MATCH = YES;
				COPY_PHASE_STRIP = NO;
				DEBUG_INFORMATION_FORMAT = dwarf;
				ENABLE_STRICT_OBJC_MSGSEND = YES;
				ENABLE_TESTABILITY = YES;
				GCC_C_LANGUAGE_STANDARD = gnu11;
				GCC_DYNAMIC_NO_PIC = NO;
				GCC_NO_COMMON_BLOCKS = YES;
				GCC_OPTIMIZATION_LEVEL = 0;
				GCC_PREPROCESSOR_DEFINITIONS = (
					"DEBUG=1",
					"$(inherited)",
				);
				GCC_WARN_64_TO_32_BIT_CONVERSION = YES;
				GCC_WARN_ABOUT_RETURN_TYPE = YES_ERROR;
				GCC_WARN_UNDECLARED_SELECTOR = YES;
				GCC_WARN_UNINITIALIZED_AUTOS = YES_AGGRESSIVE;
				GCC_WARN_UNUSED_FUNCTION = YES;
				GCC_WARN_UNUSED_VARIABLE = YES;
				IPHONEOS_DEPLOYMENT_TARGET = 14.2;
				MTL_ENABLE_DEBUG_INFO = INCLUDE_SOURCE;
				MTL_FAST_MATH = YES;
				ONLY_ACTIVE_ARCH = YES;
				SDKROOT = iphoneos;
				SWIFT_ACTIVE_COMPILATION_CONDITIONS = DEBUG;
				SWIFT_OPTIMIZATION_LEVEL = "-Onone";
			};
			name = Debug;
		};
		855D5197256A76AB008E5D8B /* Release */ = {
			isa = XCBuildConfiguration;
			buildSettings = {
				ALWAYS_SEARCH_USER_PATHS = NO;
				CLANG_ANALYZER_NONNULL = YES;
				CLANG_ANALYZER_NUMBER_OBJECT_CONVERSION = YES_AGGRESSIVE;
				CLANG_CXX_LANGUAGE_STANDARD = "gnu++14";
				CLANG_CXX_LIBRARY = "libc++";
				CLANG_ENABLE_MODULES = YES;
				CLANG_ENABLE_OBJC_ARC = YES;
				CLANG_ENABLE_OBJC_WEAK = YES;
				CLANG_WARN_BLOCK_CAPTURE_AUTORELEASING = YES;
				CLANG_WARN_BOOL_CONVERSION = YES;
				CLANG_WARN_COMMA = YES;
				CLANG_WARN_CONSTANT_CONVERSION = YES;
				CLANG_WARN_DEPRECATED_OBJC_IMPLEMENTATIONS = YES;
				CLANG_WARN_DIRECT_OBJC_ISA_USAGE = YES_ERROR;
				CLANG_WARN_DOCUMENTATION_COMMENTS = YES;
				CLANG_WARN_EMPTY_BODY = YES;
				CLANG_WARN_ENUM_CONVERSION = YES;
				CLANG_WARN_INFINITE_RECURSION = YES;
				CLANG_WARN_INT_CONVERSION = YES;
				CLANG_WARN_NON_LITERAL_NULL_CONVERSION = YES;
				CLANG_WARN_OBJC_IMPLICIT_RETAIN_SELF = YES;
				CLANG_WARN_OBJC_LITERAL_CONVERSION = YES;
				CLANG_WARN_OBJC_ROOT_CLASS = YES_ERROR;
				CLANG_WARN_QUOTED_INCLUDE_IN_FRAMEWORK_HEADER = YES;
				CLANG_WARN_RANGE_LOOP_ANALYSIS = YES;
				CLANG_WARN_STRICT_PROTOTYPES = YES;
				CLANG_WARN_SUSPICIOUS_MOVE = YES;
				CLANG_WARN_UNGUARDED_AVAILABILITY = YES_AGGRESSIVE;
				CLANG_WARN_UNREACHABLE_CODE = YES;
				CLANG_WARN__DUPLICATE_METHOD_MATCH = YES;
				COPY_PHASE_STRIP = NO;
				DEBUG_INFORMATION_FORMAT = "dwarf-with-dsym";
				ENABLE_NS_ASSERTIONS = NO;
				ENABLE_STRICT_OBJC_MSGSEND = YES;
				GCC_C_LANGUAGE_STANDARD = gnu11;
				GCC_NO_COMMON_BLOCKS = YES;
				GCC_WARN_64_TO_32_BIT_CONVERSION = YES;
				GCC_WARN_ABOUT_RETURN_TYPE = YES_ERROR;
				GCC_WARN_UNDECLARED_SELECTOR = YES;
				GCC_WARN_UNINITIALIZED_AUTOS = YES_AGGRESSIVE;
				GCC_WARN_UNUSED_FUNCTION = YES;
				GCC_WARN_UNUSED_VARIABLE = YES;
				IPHONEOS_DEPLOYMENT_TARGET = 14.2;
				MTL_ENABLE_DEBUG_INFO = NO;
				MTL_FAST_MATH = YES;
				SDKROOT = iphoneos;
				SWIFT_COMPILATION_MODE = wholemodule;
				SWIFT_OPTIMIZATION_LEVEL = "-O";
				VALIDATE_PRODUCT = YES;
			};
			name = Release;
		};
		855D5199256A76AB008E5D8B /* Debug */ = {
			isa = XCBuildConfiguration;
			buildSettings = {
				ASSETCATALOG_COMPILER_APPICON_NAME = AppIcon;
				ASSETCATALOG_COMPILER_GLOBAL_ACCENT_COLOR_NAME = AccentColor;
				CODE_SIGN_STYLE = Automatic;
				INFOPLIST_FILE = homePageApp/Info.plist;
				LD_RUNPATH_SEARCH_PATHS = (
					"$(inherited)",
					"@executable_path/Frameworks",
				);
				PRODUCT_BUNDLE_IDENTIFIER = github.homePageApp;
				PRODUCT_NAME = "$(TARGET_NAME)";
				SWIFT_VERSION = 5.0;
				TARGETED_DEVICE_FAMILY = "1,2";
			};
			name = Debug;
		};
		855D519A256A76AB008E5D8B /* Release */ = {
			isa = XCBuildConfiguration;
			buildSettings = {
				ASSETCATALOG_COMPILER_APPICON_NAME = AppIcon;
				ASSETCATALOG_COMPILER_GLOBAL_ACCENT_COLOR_NAME = AccentColor;
				CODE_SIGN_STYLE = Automatic;
				INFOPLIST_FILE = homePageApp/Info.plist;
				LD_RUNPATH_SEARCH_PATHS = (
					"$(inherited)",
					"@executable_path/Frameworks",
				);
				PRODUCT_BUNDLE_IDENTIFIER = github.homePageApp;
				PRODUCT_NAME = "$(TARGET_NAME)";
				SWIFT_VERSION = 5.0;
				TARGETED_DEVICE_FAMILY = "1,2";
			};
			name = Release;
		};
		855D519C256A76AB008E5D8B /* Debug */ = {
			isa = XCBuildConfiguration;
			buildSettings = {
				ALWAYS_EMBED_SWIFT_STANDARD_LIBRARIES = YES;
				BUNDLE_LOADER = "$(TEST_HOST)";
				CODE_SIGN_STYLE = Automatic;
				INFOPLIST_FILE = homePageAppTests/Info.plist;
				IPHONEOS_DEPLOYMENT_TARGET = 14.2;
				LD_RUNPATH_SEARCH_PATHS = (
					"$(inherited)",
					"@executable_path/Frameworks",
					"@loader_path/Frameworks",
				);
				PRODUCT_BUNDLE_IDENTIFIER = github.homePageAppTests;
				PRODUCT_NAME = "$(TARGET_NAME)";
				SWIFT_VERSION = 5.0;
				TARGETED_DEVICE_FAMILY = "1,2";
				TEST_HOST = "$(BUILT_PRODUCTS_DIR)/homePageApp.app/homePageApp";
			};
			name = Debug;
		};
		855D519D256A76AB008E5D8B /* Release */ = {
			isa = XCBuildConfiguration;
			buildSettings = {
				ALWAYS_EMBED_SWIFT_STANDARD_LIBRARIES = YES;
				BUNDLE_LOADER = "$(TEST_HOST)";
				CODE_SIGN_STYLE = Automatic;
				INFOPLIST_FILE = homePageAppTests/Info.plist;
				IPHONEOS_DEPLOYMENT_TARGET = 14.2;
				LD_RUNPATH_SEARCH_PATHS = (
					"$(inherited)",
					"@executable_path/Frameworks",
					"@loader_path/Frameworks",
				);
				PRODUCT_BUNDLE_IDENTIFIER = github.homePageAppTests;
				PRODUCT_NAME = "$(TARGET_NAME)";
				SWIFT_VERSION = 5.0;
				TARGETED_DEVICE_FAMILY = "1,2";
				TEST_HOST = "$(BUILT_PRODUCTS_DIR)/homePageApp.app/homePageApp";
			};
			name = Release;
		};
		855D519F256A76AB008E5D8B /* Debug */ = {
			isa = XCBuildConfiguration;
			buildSettings = {
				ALWAYS_EMBED_SWIFT_STANDARD_LIBRARIES = YES;
				CODE_SIGN_STYLE = Automatic;
				INFOPLIST_FILE = homePageAppUITests/Info.plist;
				LD_RUNPATH_SEARCH_PATHS = (
					"$(inherited)",
					"@executable_path/Frameworks",
					"@loader_path/Frameworks",
				);
				PRODUCT_BUNDLE_IDENTIFIER = github.homePageAppUITests;
				PRODUCT_NAME = "$(TARGET_NAME)";
				SWIFT_VERSION = 5.0;
				TARGETED_DEVICE_FAMILY = "1,2";
				TEST_TARGET_NAME = homePageApp;
			};
			name = Debug;
		};
		855D51A0256A76AB008E5D8B /* Release */ = {
			isa = XCBuildConfiguration;
			buildSettings = {
				ALWAYS_EMBED_SWIFT_STANDARD_LIBRARIES = YES;
				CODE_SIGN_STYLE = Automatic;
				INFOPLIST_FILE = homePageAppUITests/Info.plist;
				LD_RUNPATH_SEARCH_PATHS = (
					"$(inherited)",
					"@executable_path/Frameworks",
					"@loader_path/Frameworks",
				);
				PRODUCT_BUNDLE_IDENTIFIER = github.homePageAppUITests;
				PRODUCT_NAME = "$(TARGET_NAME)";
				SWIFT_VERSION = 5.0;
				TARGETED_DEVICE_FAMILY = "1,2";
				TEST_TARGET_NAME = homePageApp;
			};
			name = Release;
		};
/* End XCBuildConfiguration section */

/* Begin XCConfigurationList section */
		855D5169256A76A7008E5D8B /* Build configuration list for PBXProject "homePageApp" */ = {
			isa = XCConfigurationList;
			buildConfigurations = (
				855D5196256A76AB008E5D8B /* Debug */,
				855D5197256A76AB008E5D8B /* Release */,
			);
			defaultConfigurationIsVisible = 0;
			defaultConfigurationName = Release;
		};
		855D5198256A76AB008E5D8B /* Build configuration list for PBXNativeTarget "homePageApp" */ = {
			isa = XCConfigurationList;
			buildConfigurations = (
				855D5199256A76AB008E5D8B /* Debug */,
				855D519A256A76AB008E5D8B /* Release */,
			);
			defaultConfigurationIsVisible = 0;
			defaultConfigurationName = Release;
		};
		855D519B256A76AB008E5D8B /* Build configuration list for PBXNativeTarget "homePageAppTests" */ = {
			isa = XCConfigurationList;
			buildConfigurations = (
				855D519C256A76AB008E5D8B /* Debug */,
				855D519D256A76AB008E5D8B /* Release */,
			);
			defaultConfigurationIsVisible = 0;
			defaultConfigurationName = Release;
		};
		855D519E256A76AB008E5D8B /* Build configuration list for PBXNativeTarget "homePageAppUITests" */ = {
			isa = XCConfigurationList;
			buildConfigurations = (
				855D519F256A76AB008E5D8B /* Debug */,
				855D51A0256A76AB008E5D8B /* Release */,
			);
			defaultConfigurationIsVisible = 0;
			defaultConfigurationName = Release;
		};
/* End XCConfigurationList section */
	};
	rootObject = 855D5166256A76A7008E5D8B /* Project object */;
}
